<?xml version="1.0" encoding="utf-8"?>
<Project ToolsVersion="4.0" xmlns="http://schemas.microsoft.com/developer/msbuild/2003">
  <ItemGroup>
    <Filter Include="Source Files">
      <UniqueIdentifier>{4FC737F1-C7A5-4376-A066-2A32D752A2FF}</UniqueIdentifier>
      <Extensions>cpp;c;cc;cxx;def;odl;idl;hpj;bat;asm;asmx</Extensions>
    </Filter>
    <Filter Include="Header Files">
      <UniqueIdentifier>{93995380-89BD-4b04-88EB-625FBE52EBFB}</UniqueIdentifier>
      <Extensions>h;hh;hpp;hxx;hm;inl;inc;xsd</Extensions>
    </Filter>
    <Filter Include="Resource Files">
      <UniqueIdentifier>{D9D6E242-F8AF-46E4-B9FD-80ECBC20BA3E}</UniqueIdentifier>
      <Extensions>qrc;*</Extensions>
      <ParseFiles>false</ParseFiles>
    </Filter>
    <Filter Include="Form Files">
      <UniqueIdentifier>{99349809-55BA-4b9d-BF79-8FDBB0286EB3}</UniqueIdentifier>
      <Extensions>ui</Extensions>
    </Filter>
    <Filter Include="Resource Files">
      <UniqueIdentifier>{D9D6E242-F8AF-46E4-B9FD-80ECBC20BA3E}</UniqueIdentifier>
      <Extensions>qrc;*</Extensions>
      <ParseFiles>false</ParseFiles>
    </Filter>
    <Filter Include="Generated Files">
      <UniqueIdentifier>{71ED8ED8-ACB9-4CE9-BBE1-E00B30144E11}</UniqueIdentifier>
      <Extensions>moc;h;cpp</Extensions>
      <SourceControlFiles>False</SourceControlFiles>
    </Filter>
    <Filter Include="Generated Files\Debug">
      <UniqueIdentifier>{c5966238-7cdb-4621-8ead-beda09ed2d91}</UniqueIdentifier>
      <Extensions>cpp;moc</Extensions>
      <SourceControlFiles>False</SourceControlFiles>
    </Filter>
    <Filter Include="Generated Files\Release">
      <UniqueIdentifier>{b3de8749-760b-4edc-9f7c-42c482004258}</UniqueIdentifier>
      <Extensions>cpp;moc</Extensions>
      <SourceControlFiles>False</SourceControlFiles>
    </Filter>
    <Filter Include="Header Files\Threading">
      <UniqueIdentifier>{7dc52aa8-5ce8-499a-b7f4-b59e8dc6ae00}</UniqueIdentifier>
    </Filter>
    <Filter Include="Source Files\Threading">
      <UniqueIdentifier>{1677e983-1f36-4cad-a43c-e93f49b28cac}</UniqueIdentifier>
    </Filter>
    <Filter Include="Source Files\Data Handlers">
      <UniqueIdentifier>{a1ebb7d2-c82f-4347-87d9-32e5e128af09}</UniqueIdentifier>
    </Filter>
    <Filter Include="Header Files\Data Handlers">
      <UniqueIdentifier>{5e1f7be8-b0c9-4dbf-98c6-bad793e8913d}</UniqueIdentifier>
    </Filter>
    <Filter Include="Lib">
      <UniqueIdentifier>{c9fa883e-cdcc-4692-9e2e-da58fb5cf1bf}</UniqueIdentifier>
    </Filter>
    <Filter Include="Header Files\ViewModels">
      <UniqueIdentifier>{eac315af-c9e0-4870-835c-8899d0502f86}</UniqueIdentifier>
    </Filter>
    <Filter Include="Source Files\ViewModels">
      <UniqueIdentifier>{1b7d022b-ead7-48b8-b2c3-94eb8f3d97b5}</UniqueIdentifier>
    </Filter>
  </ItemGroup>
  <ItemGroup>
    <ClCompile Include="main.cpp">
      <Filter>Source Files</Filter>
    </ClCompile>
    <ClCompile Include="ScannerInspectionTool.cpp">
      <Filter>Source Files</Filter>
    </ClCompile>
    <ClCompile Include="GeneratedFiles\Debug\moc_ScannerInspectionTool.cpp">
      <Filter>Generated Files\Debug</Filter>
    </ClCompile>
    <ClCompile Include="GeneratedFiles\Release\moc_ScannerInspectionTool.cpp">
      <Filter>Generated Files\Release</Filter>
    </ClCompile>
    <ClCompile Include="GeneratedFiles\qrc_ScannerInspectionTool.cpp">
      <Filter>Generated Files</Filter>
    </ClCompile>
    <ClCompile Include="GeneratedFiles\Debug\moc_ScannerResponseListener.cpp">
      <Filter>Generated Files\Debug</Filter>
    </ClCompile>
    <ClCompile Include="GeneratedFiles\Release\moc_ScannerResponseListener.cpp">
      <Filter>Generated Files\Release</Filter>
    </ClCompile>
    <ClCompile Include="ScannerResponseListener.cpp">
      <Filter>Source Files\Threading</Filter>
    </ClCompile>
    <ClCompile Include="ScannerDeviceInformation.cpp">
      <Filter>Source Files\Data Handlers</Filter>
    </ClCompile>
    <ClCompile Include="ScannerInteraction.cpp">
      <Filter>Source Files\Threading</Filter>
    </ClCompile>
    <ClCompile Include="GeneratedFiles\Debug\moc_ScannerInteraction.cpp">
      <Filter>Generated Files\Debug</Filter>
    </ClCompile>
    <ClCompile Include="GeneratedFiles\Release\moc_ScannerInteraction.cpp">
      <Filter>Generated Files\Release</Filter>
    </ClCompile>
    <ClCompile Include="parameterBuilder.cpp">
      <Filter>Source Files\Data Handlers</Filter>
    </ClCompile>
    <ClCompile Include="GeneratedFiles\Debug\moc_DirectInteractionWindow.cpp">
      <Filter>Generated Files\Debug</Filter>
    </ClCompile>
    <ClCompile Include="GeneratedFiles\Release\moc_DirectInteractionWindow.cpp">
      <Filter>Generated Files\Release</Filter>
    </ClCompile>
    <ClCompile Include="DirectInteractionWindow.cpp">
      <Filter>Source Files</Filter>
    </ClCompile>
    <ClCompile Include="ProjectView.cpp">
      <Filter>Source Files</Filter>
    </ClCompile>
    <ClCompile Include="GeneratedFiles\Debug\moc_ProjectTableView.cpp">
      <Filter>Generated Files\Debug</Filter>
    </ClCompile>
    <ClCompile Include="GeneratedFiles\Release\moc_ProjectTableView.cpp">
      <Filter>Generated Files\Release</Filter>
    </ClCompile>
    <ClCompile Include="projectTransfer.cpp">
      <Filter>Source Files</Filter>
    </ClCompile>
    <ClCompile Include="GeneratedFiles\Debug\moc_ProjectView.cpp">
      <Filter>Generated Files\Debug</Filter>
    </ClCompile>
    <ClCompile Include="GeneratedFiles\Debug\moc_projectTransfer.cpp">
      <Filter>Generated Files\Debug</Filter>
    </ClCompile>
    <ClCompile Include="GeneratedFiles\Release\moc_ProjectView.cpp">
      <Filter>Generated Files\Release</Filter>
    </ClCompile>
    <ClCompile Include="GeneratedFiles\Release\moc_projectTransfer.cpp">
      <Filter>Generated Files\Release</Filter>
    </ClCompile>
    <ClCompile Include="ImageSet.cpp">
      <Filter>Source Files\Data Handlers</Filter>
    </ClCompile>
    <ClCompile Include="GeneratedFiles\Debug\moc_ProjectTransferViewModel.cpp">
      <Filter>Generated Files\Debug</Filter>
    </ClCompile>
    <ClCompile Include="GeneratedFiles\Release\moc_ProjectTransferViewModel.cpp">
      <Filter>Generated Files\Release</Filter>
    </ClCompile>
    <ClCompile Include="ProjectTransferViewModel.cpp">
      <Filter>Source Files\ViewModels</Filter>
    </ClCompile>
    <ClCompile Include="ProjectTableView.cpp">
      <Filter>Source Files\ViewModels</Filter>
    </ClCompile>
  </ItemGroup>
  <ItemGroup>
    <CustomBuild Include="ScannerInspectionTool.h">
      <Filter>Header Files</Filter>
    </CustomBuild>
    <CustomBuild Include="ScannerInspectionTool.ui">
      <Filter>Form Files</Filter>
    </CustomBuild>
    <CustomBuild Include="ScannerInspectionTool.qrc">
      <Filter>Resource Files</Filter>
    </CustomBuild>
    <CustomBuild Include="ScannerResponseListener.h">
      <Filter>Header Files\Threading</Filter>
    </CustomBuild>
    <CustomBuild Include="ScannerInteraction.h">
      <Filter>Header Files\Threading</Filter>
    </CustomBuild>
    <CustomBuild Include="DirectInteractionWindow.h">
      <Filter>Header Files</Filter>
    </CustomBuild>
    <CustomBuild Include="DirectInteractionWindow.ui">
      <Filter>Form Files</Filter>
    </CustomBuild>
    <CustomBuild Include="ProjectView.h">
      <Filter>Header Files</Filter>
    </CustomBuild>
    <CustomBuild Include="projectTransfer.h">
      <Filter>Header Files</Filter>
    </CustomBuild>
    <CustomBuild Include="ProjectTableView.h">
      <Filter>Header Files\ViewModels</Filter>
    </CustomBuild>
    <CustomBuild Include="ProjectTransferViewModel.h">
      <Filter>Header Files\ViewModels</Filter>
    </CustomBuild>
  </ItemGroup>
  <ItemGroup>
    <ClInclude Include="GeneratedFiles\ui_ScannerInspectionTool.h">
      <Filter>Generated Files</Filter>
    </ClInclude>
    <ClInclude Include="ScannerDeviceInformation.h">
      <Filter>Header Files\Data Handlers</Filter>
    </ClInclude>
    <ClInclude Include="parameterBuilder.h">
      <Filter>Header Files\Data Handlers</Filter>
    </ClInclude>
    <ClInclude Include="Lib\json.hpp">
      <Filter>Lib</Filter>
    </ClInclude>
    <ClInclude Include="GeneratedFiles\ui_DirectInteractionWindow.h">
      <Filter>Generated Files</Filter>
    </ClInclude>
    <ClInclude Include="resource.h">
      <Filter>Header Files</Filter>
    </ClInclude>
    <ClInclude Include="IDeviceResponder.h">
      <Filter>Header Files</Filter>
    </ClInclude>
    <ClInclude Include="Project.h">
      <Filter>Header Files\Data Handlers</Filter>
    </ClInclude>
    <ClInclude Include="ImageSet.h">
      <Filter>Header Files\Data Handlers</Filter>
    </ClInclude>
  </ItemGroup>
</Project>